<Solution>
  <Folder Name="/BuildingBlocks/">
    <Project Path="BuildingBlocks/BuildingBlocks/BuildingBlocks.csproj" Id="913aeed9-bbac-4256-a019-0f204f8c2208" />
  </Folder>
  <Folder Name="/Services/" />
  <Folder Name="/Services/Catalog/">
    <Project Path="Services/Catalog/Catalog.Api/Catalog.Api.csproj" Id="178a081c-6eb9-462a-b0d5-dc94a0a879aa" />
  </Folder>
</Solution>
