<Solution>
  <Folder Name="/BuildingBlocks/">
    <Project Path="BuildingBlocks/BuildingBlocks/BuildingBlocks.csproj" Id="913aeed9-bbac-4256-a019-0f204f8c2208" />
  </Folder>
  <Folder Name="/Services/" />
  <Folder Name="/Services/Basket/">
    <Project Path="Services/Basket/Basket.Api/Basket.Api.csproj" Id="af1da106-e77a-4b9b-ba04-6e6c0ca0bbda" />
  </Folder>
  <Folder Name="/Services/Catalog/">
    <Project Path="Services/Catalog/Catalog.Api/Catalog.Api.csproj" Id="178a081c-6eb9-462a-b0d5-dc94a0a879aa" />
  </Folder>
  <Folder Name="/Services/Discount/">
    <Project Path="Services/Discount/Discount.Grpc/Discount.Grpc.csproj" Id="08f0dae0-5375-418c-a5d3-8f676fd4b652" />
  </Folder>
  <Folder Name="/Services/Ordering/">
    <Project Path="Services/Ordering/Ordering.Api/Ordering.Api.csproj" Id="7d7eb9f8-8132-4899-bd54-c878e8d6c0f4" />
  </Folder>
  <Project Path="docker-compose.dcproj">
    <Build />
  </Project>
</Solution>
